// !$*UTF8*$!
{
	archiveVersion = 1;
	classes = {
	};
	objectVersion = 46;
	objects = {

/* Begin PBXBuildFile section */
		0D252ED41F21966A00C5A20D /* AppDelegate.swift in Sources */ = {isa = PBXBuildFile; fileRef = 0D252ED31F21966A00C5A20D /* AppDelegate.swift */; };
		0D252EDC1F21966A00C5A20D /* Weight_loss_plans.xcdatamodeld in Sources */ = {isa = PBXBuildFile; fileRef = 0D252EDA1F21966A00C5A20D /* Weight_loss_plans.xcdatamodeld */; };
		0D252EDE1F21966A00C5A20D /* Assets.xcassets in Resources */ = {isa = PBXBuildFile; fileRef = 0D252EDD1F21966A00C5A20D /* Assets.xcassets */; };
		0D252EE11F21966A00C5A20D /* LaunchScreen.storyboard in Resources */ = {isa = PBXBuildFile; fileRef = 0D252EDF1F21966A00C5A20D /* LaunchScreen.storyboard */; };
		0D252F101F21990600C5A20D /* NSArray+Log.m in Sources */ = {isa = PBXBuildFile; fileRef = 0D252EEE1F21990600C5A20D /* NSArray+Log.m */; };
		0D252F111F21990600C5A20D /* NSAttributedString+CZAdditon.m in Sources */ = {isa = PBXBuildFile; fileRef = 0D252EF01F21990600C5A20D /* NSAttributedString+CZAdditon.m */; };
		0D252F121F21990600C5A20D /* NSObject+CZRuntime.m in Sources */ = {isa = PBXBuildFile; fileRef = 0D252EF21F21990600C5A20D /* NSObject+CZRuntime.m */; };
		0D252F131F21990600C5A20D /* NSString+CZBase64.m in Sources */ = {isa = PBXBuildFile; fileRef = 0D252EF41F21990600C5A20D /* NSString+CZBase64.m */; };
		0D252F141F21990600C5A20D /* NSString+CZHash.m in Sources */ = {isa = PBXBuildFile; fileRef = 0D252EF61F21990600C5A20D /* NSString+CZHash.m */; };
		0D252F151F21990600C5A20D /* NSString+CZPath.m in Sources */ = {isa = PBXBuildFile; fileRef = 0D252EF81F21990600C5A20D /* NSString+CZPath.m */; };
		0D252F161F21990600C5A20D /* UIButton+CZAddition.m in Sources */ = {isa = PBXBuildFile; fileRef = 0D252EFA1F21990600C5A20D /* UIButton+CZAddition.m */; };
		0D252F171F21990600C5A20D /* UIColor+CZAddition.m in Sources */ = {isa = PBXBuildFile; fileRef = 0D252EFC1F21990600C5A20D /* UIColor+CZAddition.m */; };
		0D252F181F21990600C5A20D /* UIImage+Extension.m in Sources */ = {isa = PBXBuildFile; fileRef = 0D252EFE1F21990600C5A20D /* UIImage+Extension.m */; };
		0D252F191F21990600C5A20D /* UILabel+CZAddition.m in Sources */ = {isa = PBXBuildFile; fileRef = 0D252F001F21990600C5A20D /* UILabel+CZAddition.m */; };
		0D252F1A1F21990600C5A20D /* UIScreen+CZAddition.m in Sources */ = {isa = PBXBuildFile; fileRef = 0D252F021F21990600C5A20D /* UIScreen+CZAddition.m */; };
		0D252F1B1F21990600C5A20D /* UIView+CZAddition.m in Sources */ = {isa = PBXBuildFile; fileRef = 0D252F041F21990600C5A20D /* UIView+CZAddition.m */; };
		0D252F1C1F21990600C5A20D /* UIView+JKFrame.m in Sources */ = {isa = PBXBuildFile; fileRef = 0D252F061F21990600C5A20D /* UIView+JKFrame.m */; };
		0D252F1D1F21990600C5A20D /* UIViewController+CZAddition.m in Sources */ = {isa = PBXBuildFile; fileRef = 0D252F081F21990600C5A20D /* UIViewController+CZAddition.m */; };
		0D252F1E1F21990600C5A20D /* Bundle+Extension.swift in Sources */ = {isa = PBXBuildFile; fileRef = 0D252F0A1F21990600C5A20D /* Bundle+Extension.swift */; };
		0D252F1F1F21990600C5A20D /* String+Extension.swift in Sources */ = {isa = PBXBuildFile; fileRef = 0D252F0B1F21990600C5A20D /* String+Extension.swift */; };
		0D252F201F21990600C5A20D /* UIImage+Extensions.swift in Sources */ = {isa = PBXBuildFile; fileRef = 0D252F0C1F21990600C5A20D /* UIImage+Extensions.swift */; };
		0D252F211F21990600C5A20D /* UIImageView+WebImage.swift in Sources */ = {isa = PBXBuildFile; fileRef = 0D252F0D1F21990600C5A20D /* UIImageView+WebImage.swift */; };
		0D252F251F21998B00C5A20D /* HZHBaseController.swift in Sources */ = {isa = PBXBuildFile; fileRef = 0D252F241F21998B00C5A20D /* HZHBaseController.swift */; };
		0D252F271F2199AB00C5A20D /* HZHMainController.swift in Sources */ = {isa = PBXBuildFile; fileRef = 0D252F261F2199AB00C5A20D /* HZHMainController.swift */; };
		0D252F291F2199C700C5A20D /* HZHMainNavController.swift in Sources */ = {isa = PBXBuildFile; fileRef = 0D252F281F2199C700C5A20D /* HZHMainNavController.swift */; };
		0D252F2E1F219AE200C5A20D /* HZHPersonalController.swift in Sources */ = {isa = PBXBuildFile; fileRef = 0D252F2D1F219AE200C5A20D /* HZHPersonalController.swift */; };
		0D252F301F219AF300C5A20D /* HZHSportController.swift in Sources */ = {isa = PBXBuildFile; fileRef = 0D252F2F1F219AF300C5A20D /* HZHSportController.swift */; };
		0D252F321F219F7F00C5A20D /* ViewController.swift in Sources */ = {isa = PBXBuildFile; fileRef = 0D252F311F219F7F00C5A20D /* ViewController.swift */; };
/* End PBXBuildFile section */

/* Begin PBXFileReference section */
		0D252ED01F21966A00C5A20D /* WeightLossPlans.app */ = {isa = PBXFileReference; explicitFileType = wrapper.application; includeInIndex = 0; path = WeightLossPlans.app; sourceTree = BUILT_PRODUCTS_DIR; };
		0D252ED31F21966A00C5A20D /* AppDelegate.swift */ = {isa = PBXFileReference; lastKnownFileType = sourcecode.swift; path = AppDelegate.swift; sourceTree = "<group>"; };
		0D252EDB1F21966A00C5A20D /* Weight_loss_plans.xcdatamodel */ = {isa = PBXFileReference; lastKnownFileType = wrapper.xcdatamodel; path = Weight_loss_plans.xcdatamodel; sourceTree = "<group>"; };
		0D252EDD1F21966A00C5A20D /* Assets.xcassets */ = {isa = PBXFileReference; lastKnownFileType = folder.assetcatalog; path = Assets.xcassets; sourceTree = "<group>"; };
		0D252EE01F21966A00C5A20D /* Base */ = {isa = PBXFileReference; lastKnownFileType = file.storyboard; name = Base; path = Base.lproj/LaunchScreen.storyboard; sourceTree = "<group>"; };
		0D252EE21F21966A00C5A20D /* Info.plist */ = {isa = PBXFileReference; lastKnownFileType = text.plist.xml; path = Info.plist; sourceTree = "<group>"; };
		0D252EEC1F21990600C5A20D /* CZAdditions.h */ = {isa = PBXFileReference; fileEncoding = 4; lastKnownFileType = sourcecode.c.h; path = CZAdditions.h; sourceTree = "<group>"; };
		0D252EED1F21990600C5A20D /* NSArray+Log.h */ = {isa = PBXFileReference; fileEncoding = 4; lastKnownFileType = sourcecode.c.h; path = "NSArray+Log.h"; sourceTree = "<group>"; };
		0D252EEE1F21990600C5A20D /* NSArray+Log.m */ = {isa = PBXFileReference; fileEncoding = 4; lastKnownFileType = sourcecode.c.objc; path = "NSArray+Log.m"; sourceTree = "<group>"; };
		0D252EEF1F21990600C5A20D /* NSAttributedString+CZAdditon.h */ = {isa = PBXFileReference; fileEncoding = 4; lastKnownFileType = sourcecode.c.h; path = "NSAttributedString+CZAdditon.h"; sourceTree = "<group>"; };
		0D252EF01F21990600C5A20D /* NSAttributedString+CZAdditon.m */ = {isa = PBXFileReference; fileEncoding = 4; lastKnownFileType = sourcecode.c.objc; path = "NSAttributedString+CZAdditon.m"; sourceTree = "<group>"; };
		0D252EF11F21990600C5A20D /* NSObject+CZRuntime.h */ = {isa = PBXFileReference; fileEncoding = 4; lastKnownFileType = sourcecode.c.h; path = "NSObject+CZRuntime.h"; sourceTree = "<group>"; };
		0D252EF21F21990600C5A20D /* NSObject+CZRuntime.m */ = {isa = PBXFileReference; fileEncoding = 4; lastKnownFileType = sourcecode.c.objc; path = "NSObject+CZRuntime.m"; sourceTree = "<group>"; };
		0D252EF31F21990600C5A20D /* NSString+CZBase64.h */ = {isa = PBXFileReference; fileEncoding = 4; lastKnownFileType = sourcecode.c.h; path = "NSString+CZBase64.h"; sourceTree = "<group>"; };
		0D252EF41F21990600C5A20D /* NSString+CZBase64.m */ = {isa = PBXFileReference; fileEncoding = 4; lastKnownFileType = sourcecode.c.objc; path = "NSString+CZBase64.m"; sourceTree = "<group>"; };
		0D252EF51F21990600C5A20D /* NSString+CZHash.h */ = {isa = PBXFileReference; fileEncoding = 4; lastKnownFileType = sourcecode.c.h; path = "NSString+CZHash.h"; sourceTree = "<group>"; };
		0D252EF61F21990600C5A20D /* NSString+CZHash.m */ = {isa = PBXFileReference; fileEncoding = 4; lastKnownFileType = sourcecode.c.objc; path = "NSString+CZHash.m"; sourceTree = "<group>"; };
		0D252EF71F21990600C5A20D /* NSString+CZPath.h */ = {isa = PBXFileReference; fileEncoding = 4; lastKnownFileType = sourcecode.c.h; path = "NSString+CZPath.h"; sourceTree = "<group>"; };
		0D252EF81F21990600C5A20D /* NSString+CZPath.m */ = {isa = PBXFileReference; fileEncoding = 4; lastKnownFileType = sourcecode.c.objc; path = "NSString+CZPath.m"; sourceTree = "<group>"; };
		0D252EF91F21990600C5A20D /* UIButton+CZAddition.h */ = {isa = PBXFileReference; fileEncoding = 4; lastKnownFileType = sourcecode.c.h; path = "UIButton+CZAddition.h"; sourceTree = "<group>"; };
		0D252EFA1F21990600C5A20D /* UIButton+CZAddition.m */ = {isa = PBXFileReference; fileEncoding = 4; lastKnownFileType = sourcecode.c.objc; path = "UIButton+CZAddition.m"; sourceTree = "<group>"; };
		0D252EFB1F21990600C5A20D /* UIColor+CZAddition.h */ = {isa = PBXFileReference; fileEncoding = 4; lastKnownFileType = sourcecode.c.h; path = "UIColor+CZAddition.h"; sourceTree = "<group>"; };
		0D252EFC1F21990600C5A20D /* UIColor+CZAddition.m */ = {isa = PBXFileReference; fileEncoding = 4; lastKnownFileType = sourcecode.c.objc; path = "UIColor+CZAddition.m"; sourceTree = "<group>"; };
		0D252EFD1F21990600C5A20D /* UIImage+Extension.h */ = {isa = PBXFileReference; fileEncoding = 4; lastKnownFileType = sourcecode.c.h; path = "UIImage+Extension.h"; sourceTree = "<group>"; };
		0D252EFE1F21990600C5A20D /* UIImage+Extension.m */ = {isa = PBXFileReference; fileEncoding = 4; lastKnownFileType = sourcecode.c.objc; path = "UIImage+Extension.m"; sourceTree = "<group>"; };
		0D252EFF1F21990600C5A20D /* UILabel+CZAddition.h */ = {isa = PBXFileReference; fileEncoding = 4; lastKnownFileType = sourcecode.c.h; path = "UILabel+CZAddition.h"; sourceTree = "<group>"; };
		0D252F001F21990600C5A20D /* UILabel+CZAddition.m */ = {isa = PBXFileReference; fileEncoding = 4; lastKnownFileType = sourcecode.c.objc; path = "UILabel+CZAddition.m"; sourceTree = "<group>"; };
		0D252F011F21990600C5A20D /* UIScreen+CZAddition.h */ = {isa = PBXFileReference; fileEncoding = 4; lastKnownFileType = sourcecode.c.h; path = "UIScreen+CZAddition.h"; sourceTree = "<group>"; };
		0D252F021F21990600C5A20D /* UIScreen+CZAddition.m */ = {isa = PBXFileReference; fileEncoding = 4; lastKnownFileType = sourcecode.c.objc; path = "UIScreen+CZAddition.m"; sourceTree = "<group>"; };
		0D252F031F21990600C5A20D /* UIView+CZAddition.h */ = {isa = PBXFileReference; fileEncoding = 4; lastKnownFileType = sourcecode.c.h; path = "UIView+CZAddition.h"; sourceTree = "<group>"; };
		0D252F041F21990600C5A20D /* UIView+CZAddition.m */ = {isa = PBXFileReference; fileEncoding = 4; lastKnownFileType = sourcecode.c.objc; path = "UIView+CZAddition.m"; sourceTree = "<group>"; };
		0D252F051F21990600C5A20D /* UIView+JKFrame.h */ = {isa = PBXFileReference; fileEncoding = 4; lastKnownFileType = sourcecode.c.h; path = "UIView+JKFrame.h"; sourceTree = "<group>"; };
		0D252F061F21990600C5A20D /* UIView+JKFrame.m */ = {isa = PBXFileReference; fileEncoding = 4; lastKnownFileType = sourcecode.c.objc; path = "UIView+JKFrame.m"; sourceTree = "<group>"; };
		0D252F071F21990600C5A20D /* UIViewController+CZAddition.h */ = {isa = PBXFileReference; fileEncoding = 4; lastKnownFileType = sourcecode.c.h; path = "UIViewController+CZAddition.h"; sourceTree = "<group>"; };
		0D252F081F21990600C5A20D /* UIViewController+CZAddition.m */ = {isa = PBXFileReference; fileEncoding = 4; lastKnownFileType = sourcecode.c.objc; path = "UIViewController+CZAddition.m"; sourceTree = "<group>"; };
		0D252F0A1F21990600C5A20D /* Bundle+Extension.swift */ = {isa = PBXFileReference; fileEncoding = 4; lastKnownFileType = sourcecode.swift; path = "Bundle+Extension.swift"; sourceTree = "<group>"; };
		0D252F0B1F21990600C5A20D /* String+Extension.swift */ = {isa = PBXFileReference; fileEncoding = 4; lastKnownFileType = sourcecode.swift; path = "String+Extension.swift"; sourceTree = "<group>"; };
		0D252F0C1F21990600C5A20D /* UIImage+Extensions.swift */ = {isa = PBXFileReference; fileEncoding = 4; lastKnownFileType = sourcecode.swift; path = "UIImage+Extensions.swift"; sourceTree = "<group>"; };
		0D252F0D1F21990600C5A20D /* UIImageView+WebImage.swift */ = {isa = PBXFileReference; fileEncoding = 4; lastKnownFileType = sourcecode.swift; path = "UIImageView+WebImage.swift"; sourceTree = "<group>"; };
		0D252F241F21998B00C5A20D /* HZHBaseController.swift */ = {isa = PBXFileReference; fileEncoding = 4; lastKnownFileType = sourcecode.swift; path = HZHBaseController.swift; sourceTree = "<group>"; };
		0D252F261F2199AB00C5A20D /* HZHMainController.swift */ = {isa = PBXFileReference; fileEncoding = 4; lastKnownFileType = sourcecode.swift; path = HZHMainController.swift; sourceTree = "<group>"; };
		0D252F281F2199C700C5A20D /* HZHMainNavController.swift */ = {isa = PBXFileReference; fileEncoding = 4; lastKnownFileType = sourcecode.swift; path = HZHMainNavController.swift; sourceTree = "<group>"; };
		0D252F2D1F219AE200C5A20D /* HZHPersonalController.swift */ = {isa = PBXFileReference; fileEncoding = 4; lastKnownFileType = sourcecode.swift; path = HZHPersonalController.swift; sourceTree = "<group>"; };
		0D252F2F1F219AF300C5A20D /* HZHSportController.swift */ = {isa = PBXFileReference; fileEncoding = 4; lastKnownFileType = sourcecode.swift; path = HZHSportController.swift; sourceTree = "<group>"; };
		0D252F311F219F7F00C5A20D /* ViewController.swift */ = {isa = PBXFileReference; fileEncoding = 4; lastKnownFileType = sourcecode.swift; name = ViewController.swift; path = ../../../ViewController.swift; sourceTree = "<group>"; };
/* End PBXFileReference section */

/* Begin PBXFrameworksBuildPhase section */
		0D252ECD1F21966A00C5A20D /* Frameworks */ = {
			isa = PBXFrameworksBuildPhase;
			buildActionMask = 2147483647;
			files = (
			);
			runOnlyForDeploymentPostprocessing = 0;
		};
/* End PBXFrameworksBuildPhase section */

/* Begin PBXGroup section */
		0D252EC71F21966A00C5A20D = {
			isa = PBXGroup;
			children = (
				0D252ED21F21966A00C5A20D /* Weight-loss-plans */,
				0D252ED11F21966A00C5A20D /* Products */,
			);
			sourceTree = "<group>";
		};
		0D252ED11F21966A00C5A20D /* Products */ = {
			isa = PBXGroup;
			children = (
				0D252ED01F21966A00C5A20D /* WeightLossPlans.app */,
			);
			name = Products;
			sourceTree = "<group>";
		};
		0D252ED21F21966A00C5A20D /* Weight-loss-plans */ = {
			isa = PBXGroup;
			children = (
				0D252ED31F21966A00C5A20D /* AppDelegate.swift */,
				0D252EDF1F21966A00C5A20D /* LaunchScreen.storyboard */,
				0D252EE81F21990600C5A20D /* Classes */,
				0D252EDD1F21966A00C5A20D /* Assets.xcassets */,
				0D252F221F21991600C5A20D /* Other */,
			);
			path = "Weight-loss-plans";
			sourceTree = "<group>";
		};
		0D252EE81F21990600C5A20D /* Classes */ = {
			isa = PBXGroup;
			children = (
				0D252EE91F21990600C5A20D /* Model */,
				0D252EEA1F21990600C5A20D /* Tools */,
				0D252F0E1F21990600C5A20D /* View */,
				0D252F0F1F21990600C5A20D /* ViewMode */,
			);
			path = Classes;
			sourceTree = "<group>";
		};
		0D252EE91F21990600C5A20D /* Model */ = {
			isa = PBXGroup;
			children = (
			);
			path = Model;
			sourceTree = "<group>";
		};
		0D252EEA1F21990600C5A20D /* Tools */ = {
			isa = PBXGroup;
			children = (
				0D252F2A1F219A7800C5A20D /* Sport */,
				0D252EEB1F21990600C5A20D /* Additions */,
				0D252F091F21990600C5A20D /* Extensions */,
			);
			path = Tools;
			sourceTree = "<group>";
		};
		0D252EEB1F21990600C5A20D /* Additions */ = {
			isa = PBXGroup;
			children = (
				0D252EEC1F21990600C5A20D /* CZAdditions.h */,
				0D252EED1F21990600C5A20D /* NSArray+Log.h */,
				0D252EEE1F21990600C5A20D /* NSArray+Log.m */,
				0D252EEF1F21990600C5A20D /* NSAttributedString+CZAdditon.h */,
				0D252EF01F21990600C5A20D /* NSAttributedString+CZAdditon.m */,
				0D252EF11F21990600C5A20D /* NSObject+CZRuntime.h */,
				0D252EF21F21990600C5A20D /* NSObject+CZRuntime.m */,
				0D252EF31F21990600C5A20D /* NSString+CZBase64.h */,
				0D252EF41F21990600C5A20D /* NSString+CZBase64.m */,
				0D252EF51F21990600C5A20D /* NSString+CZHash.h */,
				0D252EF61F21990600C5A20D /* NSString+CZHash.m */,
				0D252EF71F21990600C5A20D /* NSString+CZPath.h */,
				0D252EF81F21990600C5A20D /* NSString+CZPath.m */,
				0D252EF91F21990600C5A20D /* UIButton+CZAddition.h */,
				0D252EFA1F21990600C5A20D /* UIButton+CZAddition.m */,
				0D252EFB1F21990600C5A20D /* UIColor+CZAddition.h */,
				0D252EFC1F21990600C5A20D /* UIColor+CZAddition.m */,
				0D252EFD1F21990600C5A20D /* UIImage+Extension.h */,
				0D252EFE1F21990600C5A20D /* UIImage+Extension.m */,
				0D252EFF1F21990600C5A20D /* UILabel+CZAddition.h */,
				0D252F001F21990600C5A20D /* UILabel+CZAddition.m */,
				0D252F011F21990600C5A20D /* UIScreen+CZAddition.h */,
				0D252F021F21990600C5A20D /* UIScreen+CZAddition.m */,
				0D252F031F21990600C5A20D /* UIView+CZAddition.h */,
				0D252F041F21990600C5A20D /* UIView+CZAddition.m */,
				0D252F051F21990600C5A20D /* UIView+JKFrame.h */,
				0D252F061F21990600C5A20D /* UIView+JKFrame.m */,
				0D252F071F21990600C5A20D /* UIViewController+CZAddition.h */,
				0D252F081F21990600C5A20D /* UIViewController+CZAddition.m */,
			);
			path = Additions;
			sourceTree = "<group>";
		};
		0D252F091F21990600C5A20D /* Extensions */ = {
			isa = PBXGroup;
			children = (
				0D252F0A1F21990600C5A20D /* Bundle+Extension.swift */,
				0D252F0B1F21990600C5A20D /* String+Extension.swift */,
				0D252F0C1F21990600C5A20D /* UIImage+Extensions.swift */,
				0D252F0D1F21990600C5A20D /* UIImageView+WebImage.swift */,
			);
			path = Extensions;
			sourceTree = "<group>";
		};
		0D252F0E1F21990600C5A20D /* View */ = {
			isa = PBXGroup;
			children = (
				0D252F771F21A76700C5A20D /* Test */,
				0D252F231F21997800C5A20D /* Main */,
				0D252F2C1F219A8E00C5A20D /*  Personal */,
				0D252F2B1F219A8600C5A20D /* Sport */,
			);
			path = View;
			sourceTree = "<group>";
		};
		0D252F0F1F21990600C5A20D /* ViewMode */ = {
			isa = PBXGroup;
			children = (
			);
			path = ViewMode;
			sourceTree = "<group>";
		};
		0D252F221F21991600C5A20D /* Other */ = {
			isa = PBXGroup;
			children = (
				0D252EE21F21966A00C5A20D /* Info.plist */,
				0D252EDA1F21966A00C5A20D /* Weight_loss_plans.xcdatamodeld */,
			);
			name = Other;
			sourceTree = "<group>";
		};
		0D252F231F21997800C5A20D /* Main */ = {
			isa = PBXGroup;
			children = (
				0D252F241F21998B00C5A20D /* HZHBaseController.swift */,
				0D252F261F2199AB00C5A20D /* HZHMainController.swift */,
				0D252F281F2199C700C5A20D /* HZHMainNavController.swift */,
			);
			path = Main;
			sourceTree = "<group>";
		};
		0D252F2A1F219A7800C5A20D /* Sport */ = {
			isa = PBXGroup;
			children = (
			);
			path = Sport;
			sourceTree = "<group>";
		};
		0D252F2B1F219A8600C5A20D /* Sport */ = {
			isa = PBXGroup;
			children = (
				0D252F2F1F219AF300C5A20D /* HZHSportController.swift */,
			);
			path = Sport;
			sourceTree = "<group>";
		};
		0D252F2C1F219A8E00C5A20D /*  Personal */ = {
			isa = PBXGroup;
			children = (
				0D252F2D1F219AE200C5A20D /* HZHPersonalController.swift */,
			);
			path = " Personal";
			sourceTree = "<group>";
		};
		0D252F771F21A76700C5A20D /* Test */ = {
			isa = PBXGroup;
			children = (
				0D252F311F219F7F00C5A20D /* ViewController.swift */,
			);
			path = Test;
			sourceTree = "<group>";
		};
/* End PBXGroup section */

/* Begin PBXNativeTarget section */
		0D252ECF1F21966A00C5A20D /* WeightLossPlans */ = {
			isa = PBXNativeTarget;
			buildConfigurationList = 0D252EE51F21966A00C5A20D /* Build configuration list for PBXNativeTarget "WeightLossPlans" */;
			buildPhases = (
				0D252ECC1F21966A00C5A20D /* Sources */,
				0D252ECD1F21966A00C5A20D /* Frameworks */,
				0D252ECE1F21966A00C5A20D /* Resources */,
			);
			buildRules = (
			);
			dependencies = (
			);
			name = WeightLossPlans;
			productName = "Weight-loss-plans";
			productReference = 0D252ED01F21966A00C5A20D /* WeightLossPlans.app */;
			productType = "com.apple.product-type.application";
		};
/* End PBXNativeTarget section */

/* Begin PBXProject section */
		0D252EC81F21966A00C5A20D /* Project object */ = {
			isa = PBXProject;
			attributes = {
				CLASSPREFIX = HZH;
				LastSwiftUpdateCheck = 0830;
				LastUpgradeCheck = 0830;
				ORGANIZATIONNAME = "黄振华";
				TargetAttributes = {
					0D252ECF1F21966A00C5A20D = {
						CreatedOnToolsVersion = 8.3.3;
						DevelopmentTeam = 5JVVV4Z5V5;
						ProvisioningStyle = Automatic;
					};
				};
			};
			buildConfigurationList = 0D252ECB1F21966A00C5A20D /* Build configuration list for PBXProject "WeightLossPlans" */;
			compatibilityVersion = "Xcode 3.2";
			developmentRegion = English;
			hasScannedForEncodings = 0;
			knownRegions = (
				en,
				Base,
			);
			mainGroup = 0D252EC71F21966A00C5A20D;
			productRefGroup = 0D252ED11F21966A00C5A20D /* Products */;
			projectDirPath = "";
			projectRoot = "";
			targets = (
				0D252ECF1F21966A00C5A20D /* WeightLossPlans */,
			);
		};
/* End PBXProject section */

/* Begin PBXResourcesBuildPhase section */
		0D252ECE1F21966A00C5A20D /* Resources */ = {
			isa = PBXResourcesBuildPhase;
			buildActionMask = 2147483647;
			files = (
				0D252EE11F21966A00C5A20D /* LaunchScreen.storyboard in Resources */,
				0D252EDE1F21966A00C5A20D /* Assets.xcassets in Resources */,
			);
			runOnlyForDeploymentPostprocessing = 0;
		};
/* End PBXResourcesBuildPhase section */

/* Begin PBXSourcesBuildPhase section */
		0D252ECC1F21966A00C5A20D /* Sources */ = {
			isa = PBXSourcesBuildPhase;
			buildActionMask = 2147483647;
			files = (
				0D252F2E1F219AE200C5A20D /* HZHPersonalController.swift in Sources */,
				0D252F171F21990600C5A20D /* UIColor+CZAddition.m in Sources */,
				0D252F211F21990600C5A20D /* UIImageView+WebImage.swift in Sources */,
				0D252F1E1F21990600C5A20D /* Bundle+Extension.swift in Sources */,
				0D252F271F2199AB00C5A20D /* HZHMainController.swift in Sources */,
				0D252F111F21990600C5A20D /* NSAttributedString+CZAdditon.m in Sources */,
				0D252F151F21990600C5A20D /* NSString+CZPath.m in Sources */,
				0D252F101F21990600C5A20D /* NSArray+Log.m in Sources */,
				0D252F321F219F7F00C5A20D /* ViewController.swift in Sources */,
				0D252EDC1F21966A00C5A20D /* Weight_loss_plans.xcdatamodeld in Sources */,
				0D252F1C1F21990600C5A20D /* UIView+JKFrame.m in Sources */,
				0D252F161F21990600C5A20D /* UIButton+CZAddition.m in Sources */,
				0D252F291F2199C700C5A20D /* HZHMainNavController.swift in Sources */,
				0D252F141F21990600C5A20D /* NSString+CZHash.m in Sources */,
				0D252F131F21990600C5A20D /* NSString+CZBase64.m in Sources */,
				0D252F1F1F21990600C5A20D /* String+Extension.swift in Sources */,
				0D252F1D1F21990600C5A20D /* UIViewController+CZAddition.m in Sources */,
				0D252F251F21998B00C5A20D /* HZHBaseController.swift in Sources */,
				0D252F121F21990600C5A20D /* NSObject+CZRuntime.m in Sources */,
				0D252F191F21990600C5A20D /* UILabel+CZAddition.m in Sources */,
				0D252F181F21990600C5A20D /* UIImage+Extension.m in Sources */,
				0D252F1A1F21990600C5A20D /* UIScreen+CZAddition.m in Sources */,
				0D252F301F219AF300C5A20D /* HZHSportController.swift in Sources */,
				0D252F201F21990600C5A20D /* UIImage+Extensions.swift in Sources */,
				0D252ED41F21966A00C5A20D /* AppDelegate.swift in Sources */,
				0D252F1B1F21990600C5A20D /* UIView+CZAddition.m in Sources */,
			);
			runOnlyForDeploymentPostprocessing = 0;
		};
/* End PBXSourcesBuildPhase section */

/* Begin PBXVariantGroup section */
		0D252EDF1F21966A00C5A20D /* LaunchScreen.storyboard */ = {
			isa = PBXVariantGroup;
			children = (
				0D252EE01F21966A00C5A20D /* Base */,
			);
			name = LaunchScreen.storyboard;
			sourceTree = "<group>";
		};
/* End PBXVariantGroup section */

/* Begin XCBuildConfiguration section */
		0D252EE31F21966A00C5A20D /* Debug */ = {
			isa = XCBuildConfiguration;
			buildSettings = {
				ALWAYS_SEARCH_USER_PATHS = NO;
				CLANG_ANALYZER_NONNULL = YES;
				CLANG_ANALYZER_NUMBER_OBJECT_CONVERSION = YES_AGGRESSIVE;
				CLANG_CXX_LANGUAGE_STANDARD = "gnu++0x";
				CLANG_CXX_LIBRARY = "libc++";
				CLANG_ENABLE_MODULES = YES;
				CLANG_ENABLE_OBJC_ARC = YES;
				CLANG_WARN_BOOL_CONVERSION = YES;
				CLANG_WARN_CONSTANT_CONVERSION = YES;
				CLANG_WARN_DIRECT_OBJC_ISA_USAGE = YES_ERROR;
				CLANG_WARN_DOCUMENTATION_COMMENTS = YES;
				CLANG_WARN_EMPTY_BODY = YES;
				CLANG_WARN_ENUM_CONVERSION = YES;
				CLANG_WARN_INFINITE_RECURSION = YES;
				CLANG_WARN_INT_CONVERSION = YES;
				CLANG_WARN_OBJC_ROOT_CLASS = YES_ERROR;
				CLANG_WARN_SUSPICIOUS_MOVE = YES;
				CLANG_WARN_UNREACHABLE_CODE = YES;
				CLANG_WARN__DUPLICATE_METHOD_MATCH = YES;
				"CODE_SIGN_IDENTITY[sdk=iphoneos*]" = "iPhone Developer";
				COPY_PHASE_STRIP = NO;
				DEBUG_INFORMATION_FORMAT = dwarf;
				ENABLE_STRICT_OBJC_MSGSEND = YES;
				ENABLE_TESTABILITY = YES;
				GCC_C_LANGUAGE_STANDARD = gnu99;
				GCC_DYNAMIC_NO_PIC = NO;
				GCC_NO_COMMON_BLOCKS = YES;
				GCC_OPTIMIZATION_LEVEL = 0;
				GCC_PREPROCESSOR_DEFINITIONS = (
					"DEBUG=1",
					"$(inherited)",
				);
				GCC_WARN_64_TO_32_BIT_CONVERSION = YES;
				GCC_WARN_ABOUT_RETURN_TYPE = YES_ERROR;
				GCC_WARN_UNDECLARED_SELECTOR = YES;
				GCC_WARN_UNINITIALIZED_AUTOS = YES_AGGRESSIVE;
				GCC_WARN_UNUSED_FUNCTION = YES;
				GCC_WARN_UNUSED_VARIABLE = YES;
				IPHONEOS_DEPLOYMENT_TARGET = 10.3;
				MTL_ENABLE_DEBUG_INFO = YES;
				ONLY_ACTIVE_ARCH = YES;
				SDKROOT = iphoneos;
				SWIFT_ACTIVE_COMPILATION_CONDITIONS = DEBUG;
				SWIFT_OPTIMIZATION_LEVEL = "-Onone";
				TARGETED_DEVICE_FAMILY = "1,2";
			};
			name = Debug;
		};
		0D252EE41F21966A00C5A20D /* Release */ = {
			isa = XCBuildConfiguration;
			buildSettings = {
				ALWAYS_SEARCH_USER_PATHS = NO;
				CLANG_ANALYZER_NONNULL = YES;
				CLANG_ANALYZER_NUMBER_OBJECT_CONVERSION = YES_AGGRESSIVE;
				CLANG_CXX_LANGUAGE_STANDARD = "gnu++0x";
				CLANG_CXX_LIBRARY = "libc++";
				CLANG_ENABLE_MODULES = YES;
				CLANG_ENABLE_OBJC_ARC = YES;
				CLANG_WARN_BOOL_CONVERSION = YES;
				CLANG_WARN_CONSTANT_CONVERSION = YES;
				CLANG_WARN_DIRECT_OBJC_ISA_USAGE = YES_ERROR;
				CLANG_WARN_DOCUMENTATION_COMMENTS = YES;
				CLANG_WARN_EMPTY_BODY = YES;
				CLANG_WARN_ENUM_CONVERSION = YES;
				CLANG_WARN_INFINITE_RECURSION = YES;
				CLANG_WARN_INT_CONVERSION = YES;
				CLANG_WARN_OBJC_ROOT_CLASS = YES_ERROR;
				CLANG_WARN_SUSPICIOUS_MOVE = YES;
				CLANG_WARN_UNREACHABLE_CODE = YES;
				CLANG_WARN__DUPLICATE_METHOD_MATCH = YES;
				"CODE_SIGN_IDENTITY[sdk=iphoneos*]" = "iPhone Developer";
				COPY_PHASE_STRIP = NO;
				DEBUG_INFORMATION_FORMAT = "dwarf-with-dsym";
				ENABLE_NS_ASSERTIONS = NO;
				ENABLE_STRICT_OBJC_MSGSEND = YES;
				GCC_C_LANGUAGE_STANDARD = gnu99;
				GCC_NO_COMMON_BLOCKS = YES;
				GCC_WARN_64_TO_32_BIT_CONVERSION = YES;
				GCC_WARN_ABOUT_RETURN_TYPE = YES_ERROR;
				GCC_WARN_UNDECLARED_SELECTOR = YES;
				GCC_WARN_UNINITIALIZED_AUTOS = YES_AGGRESSIVE;
				GCC_WARN_UNUSED_FUNCTION = YES;
				GCC_WARN_UNUSED_VARIABLE = YES;
				IPHONEOS_DEPLOYMENT_TARGET = 10.3;
				MTL_ENABLE_DEBUG_INFO = NO;
				SDKROOT = iphoneos;
				SWIFT_OPTIMIZATION_LEVEL = "-Owholemodule";
				TARGETED_DEVICE_FAMILY = "1,2";
				VALIDATE_PRODUCT = YES;
			};
			name = Release;
		};
		0D252EE61F21966A00C5A20D /* Debug */ = {
			isa = XCBuildConfiguration;
			buildSettings = {
				ASSETCATALOG_COMPILER_APPICON_NAME = AppIcon;
				DEVELOPMENT_TEAM = 5JVVV4Z5V5;
				INFOPLIST_FILE = "Weight-loss-plans/Info.plist";
				LD_RUNPATH_SEARCH_PATHS = "$(inherited) @executable_path/Frameworks";
				PRODUCT_BUNDLE_IDENTIFIER = "GitCat.Weight-loss-plans";
				PRODUCT_NAME = "$(TARGET_NAME)";
				SWIFT_VERSION = 3.0;
			};
			name = Debug;
		};
		0D252EE71F21966A00C5A20D /* Release */ = {
			isa = XCBuildConfiguration;
			buildSettings = {
				ASSETCATALOG_COMPILER_APPICON_NAME = AppIcon;
				DEVELOPMENT_TEAM = 5JVVV4Z5V5;
				INFOPLIST_FILE = "Weight-loss-plans/Info.plist";
				LD_RUNPATH_SEARCH_PATHS = "$(inherited) @executable_path/Frameworks";
				PRODUCT_BUNDLE_IDENTIFIER = "GitCat.Weight-loss-plans";
				PRODUCT_NAME = "$(TARGET_NAME)";
				SWIFT_VERSION = 3.0;
			};
			name = Release;
		};
/* End XCBuildConfiguration section */

/* Begin XCConfigurationList section */
		0D252ECB1F21966A00C5A20D /* Build configuration list for PBXProject "WeightLossPlans" */ = {
			isa = XCConfigurationList;
			buildConfigurations = (
				0D252EE31F21966A00C5A20D /* Debug */,
				0D252EE41F21966A00C5A20D /* Release */,
			);
			defaultConfigurationIsVisible = 0;
			defaultConfigurationName = Release;
		};
		0D252EE51F21966A00C5A20D /* Build configuration list for PBXNativeTarget "WeightLossPlans" */ = {
			isa = XCConfigurationList;
			buildConfigurations = (
				0D252EE61F21966A00C5A20D /* Debug */,
				0D252EE71F21966A00C5A20D /* Release */,
			);
			defaultConfigurationIsVisible = 0;
			defaultConfigurationName = Release;
		};
/* End XCConfigurationList section */

/* Begin XCVersionGroup section */
		0D252EDA1F21966A00C5A20D /* Weight_loss_plans.xcdatamodeld */ = {
			isa = XCVersionGroup;
			children = (
				0D252EDB1F21966A00C5A20D /* Weight_loss_plans.xcdatamodel */,
			);
			currentVersion = 0D252EDB1F21966A00C5A20D /* Weight_loss_plans.xcdatamodel */;
			path = Weight_loss_plans.xcdatamodeld;
			sourceTree = "<group>";
			versionGroupType = wrapper.xcdatamodel;
		};
/* End XCVersionGroup section */
	};
	rootObject = 0D252EC81F21966A00C5A20D /* Project object */;
}
